
Microsoft Visual Studio Solution File, Format Version 12.00
# Visual Studio 15
VisualStudioVersion = 15.0.27703.2035
MinimumVisualStudioVersion = 10.0.40219.1
Project("{FAE04EC0-301F-11D3-BF4B-00C04F79EFBC}") = "BoxStorage.ClientConsole", "BoxStorage.ClientConsole\BoxStorage.ClientConsole.csproj", "{6C434403-FA3F-4A34-A66C-99F5FE1A43EC}"
EndProject
Project("{FAE04EC0-301F-11D3-BF4B-00C04F79EFBC}") = "BoxStorage.BL", "BoxStorage.BL\BoxStorage.BL.csproj", "{B5E3CAED-F1A5-456E-A44D-D7AF4D09D170}"
EndProject
Project("{FAE04EC0-301F-11D3-BF4B-00C04F79EFBC}") = "BoxStorage.Models", "BoxStorage.Models\BoxStorage.Models.csproj", "{A9338928-5B6B-44C4-9799-7D2EE3985748}"
EndProject
Project("{FAE04EC0-301F-11D3-BF4B-00C04F79EFBC}") = "BoxStorage.Exceptions", "BoxStorage.Exceptions\BoxStorage.Exceptions.csproj", "{8A56DBFE-178A-41DC-8AB2-BFAE562F001F}"
EndProject
Project("{FAE04EC0-301F-11D3-BF4B-00C04F79EFBC}") = "BoxStorage.Globals", "BoxStorage.Globals\BoxStorage.Globals.csproj", "{D33957CC-9A2E-496E-AD46-C2556AF67C8B}"
EndProject
Global
	GlobalSection(SolutionConfigurationPlatforms) = preSolution
		Debug|Any CPU = Debug|Any CPU
		Release|Any CPU = Release|Any CPU
	EndGlobalSection
	GlobalSection(ProjectConfigurationPlatforms) = postSolution
		{6C434403-FA3F-4A34-A66C-99F5FE1A43EC}.Debug|Any CPU.ActiveCfg = Debug|Any CPU
		{6C434403-FA3F-4A34-A66C-99F5FE1A43EC}.Debug|Any CPU.Build.0 = Debug|Any CPU
		{6C434403-FA3F-4A34-A66C-99F5FE1A43EC}.Release|Any CPU.ActiveCfg = Release|Any CPU
		{6C434403-FA3F-4A34-A66C-99F5FE1A43EC}.Release|Any CPU.Build.0 = Release|Any CPU
		{B5E3CAED-F1A5-456E-A44D-D7AF4D09D170}.Debug|Any CPU.ActiveCfg = Debug|Any CPU
		{B5E3CAED-F1A5-456E-A44D-D7AF4D09D170}.Debug|Any CPU.Build.0 = Debug|Any CPU
		{B5E3CAED-F1A5-456E-A44D-D7AF4D09D170}.Release|Any CPU.ActiveCfg = Release|Any CPU
		{B5E3CAED-F1A5-456E-A44D-D7AF4D09D170}.Release|Any CPU.Build.0 = Release|Any CPU
		{A9338928-5B6B-44C4-9799-7D2EE3985748}.Debug|Any CPU.ActiveCfg = Debug|Any CPU
		{A9338928-5B6B-44C4-9799-7D2EE3985748}.Debug|Any CPU.Build.0 = Debug|Any CPU
		{A9338928-5B6B-44C4-9799-7D2EE3985748}.Release|Any CPU.ActiveCfg = Release|Any CPU
		{A9338928-5B6B-44C4-9799-7D2EE3985748}.Release|Any CPU.Build.0 = Release|Any CPU
		{8A56DBFE-178A-41DC-8AB2-BFAE562F001F}.Debug|Any CPU.ActiveCfg = Debug|Any CPU
		{8A56DBFE-178A-41DC-8AB2-BFAE562F001F}.Debug|Any CPU.Build.0 = Debug|Any CPU
		{8A56DBFE-178A-41DC-8AB2-BFAE562F001F}.Release|Any CPU.ActiveCfg = Release|Any CPU
		{8A56DBFE-178A-41DC-8AB2-BFAE562F001F}.Release|Any CPU.Build.0 = Release|Any CPU
		{D33957CC-9A2E-496E-AD46-C2556AF67C8B}.Debug|Any CPU.ActiveCfg = Debug|Any CPU
		{D33957CC-9A2E-496E-AD46-C2556AF67C8B}.Debug|Any CPU.Build.0 = Debug|Any CPU
		{D33957CC-9A2E-496E-AD46-C2556AF67C8B}.Release|Any CPU.ActiveCfg = Release|Any CPU
		{D33957CC-9A2E-496E-AD46-C2556AF67C8B}.Release|Any CPU.Build.0 = Release|Any CPU
	EndGlobalSection
	GlobalSection(SolutionProperties) = preSolution
		HideSolutionNode = FALSE
	EndGlobalSection
	GlobalSection(ExtensibilityGlobals) = postSolution
		SolutionGuid = {F9094272-16B1-42F6-9A98-6AF2634707C1}
	EndGlobalSection
EndGlobal
